
Microsoft Visual Studio Solution File, Format Version 12.00
# Visual Studio Version 17
VisualStudioVersion = 17.0.31903.59
MinimumVisualStudioVersion = 10.0.40219.1
Project("{2150E333-8FDC-42A3-9474-1A3956D46DE8}") = "core", "core", "{FBF56CC3-7AE6-AD2D-3F14-7F97FD322CD6}"
EndProject
Project("{FAE04EC0-301F-11D3-BF4B-00C04F79EFBC}") = "NodePanel.Core", "core\NodePanel.Core\NodePanel.Core.csproj", "{E08F14B4-786A-4F34-AB8E-870B3E3F189A}"
EndProject
Project("{2150E333-8FDC-42A3-9474-1A3956D46DE8}") = "control", "control", "{F98E6535-716A-4E8B-AE65-A657CB5D56A9}"
EndProject
Project("{FAE04EC0-301F-11D3-BF4B-00C04F79EFBC}") = "NodePanel.ControlPlane", "control\NodePanel.ControlPlane\NodePanel.ControlPlane.csproj", "{3CC9A2C8-093D-421F-B7E5-EE629F72EB03}"
EndProject
Project("{2150E333-8FDC-42A3-9474-1A3956D46DE8}") = "service", "service", "{226567F5-DD15-7888-5BF1-C4407778305A}"
EndProject
Project("{FAE04EC0-301F-11D3-BF4B-00C04F79EFBC}") = "NodePanel.Service", "service\NodePanel.Service\NodePanel.Service.csproj", "{916916A9-555E-43D7-A6FF-F9A527B1A37D}"
EndProject
Project("{2150E333-8FDC-42A3-9474-1A3956D46DE8}") = "panel", "panel", "{3E173EDF-1E44-15B9-0243-407D583473A5}"
EndProject
Project("{FAE04EC0-301F-11D3-BF4B-00C04F79EFBC}") = "NodePanel.Panel", "panel\NodePanel.Panel\NodePanel.Panel.csproj", "{A1269B8E-BE38-4B18-9804-E21D00B7D93B}"
EndProject
Project("{2150E333-8FDC-42A3-9474-1A3956D46DE8}") = "tests", "tests", "{0AB3BF05-4346-4AA6-1389-037BE0695223}"
EndProject
Project("{FAE04EC0-301F-11D3-BF4B-00C04F79EFBC}") = "NodePanel.Core.Tests", "tests\NodePanel.Core.Tests\NodePanel.Core.Tests.csproj", "{746763D1-9E73-482E-8526-FBF385C13A78}"
EndProject
Project("{FAE04EC0-301F-11D3-BF4B-00C04F79EFBC}") = "NodePanel.Service.Tests", "tests\NodePanel.Service.Tests\NodePanel.Service.Tests.csproj", "{6D49818C-35B3-4F64-8A84-44CF6200DF40}"
EndProject
Global
	GlobalSection(SolutionConfigurationPlatforms) = preSolution
		Debug|Any CPU = Debug|Any CPU
		Debug|x64 = Debug|x64
		Debug|x86 = Debug|x86
		Release|Any CPU = Release|Any CPU
		Release|x64 = Release|x64
		Release|x86 = Release|x86
	EndGlobalSection
	GlobalSection(ProjectConfigurationPlatforms) = postSolution
		{E08F14B4-786A-4F34-AB8E-870B3E3F189A}.Debug|Any CPU.ActiveCfg = Debug|Any CPU
		{E08F14B4-786A-4F34-AB8E-870B3E3F189A}.Debug|Any CPU.Build.0 = Debug|Any CPU
		{E08F14B4-786A-4F34-AB8E-870B3E3F189A}.Debug|x64.ActiveCfg = Debug|Any CPU
		{E08F14B4-786A-4F34-AB8E-870B3E3F189A}.Debug|x64.Build.0 = Debug|Any CPU
		{E08F14B4-786A-4F34-AB8E-870B3E3F189A}.Debug|x86.ActiveCfg = Debug|Any CPU
		{E08F14B4-786A-4F34-AB8E-870B3E3F189A}.Debug|x86.Build.0 = Debug|Any CPU
		{E08F14B4-786A-4F34-AB8E-870B3E3F189A}.Release|Any CPU.ActiveCfg = Release|Any CPU
		{E08F14B4-786A-4F34-AB8E-870B3E3F189A}.Release|Any CPU.Build.0 = Release|Any CPU
		{E08F14B4-786A-4F34-AB8E-870B3E3F189A}.Release|x64.ActiveCfg = Release|Any CPU
		{E08F14B4-786A-4F34-AB8E-870B3E3F189A}.Release|x64.Build.0 = Release|Any CPU
		{E08F14B4-786A-4F34-AB8E-870B3E3F189A}.Release|x86.ActiveCfg = Release|Any CPU
		{E08F14B4-786A-4F34-AB8E-870B3E3F189A}.Release|x86.Build.0 = Release|Any CPU
		{3CC9A2C8-093D-421F-B7E5-EE629F72EB03}.Debug|Any CPU.ActiveCfg = Debug|Any CPU
		{3CC9A2C8-093D-421F-B7E5-EE629F72EB03}.Debug|Any CPU.Build.0 = Debug|Any CPU
		{3CC9A2C8-093D-421F-B7E5-EE629F72EB03}.Debug|x64.ActiveCfg = Debug|Any CPU
		{3CC9A2C8-093D-421F-B7E5-EE629F72EB03}.Debug|x64.Build.0 = Debug|Any CPU
		{3CC9A2C8-093D-421F-B7E5-EE629F72EB03}.Debug|x86.ActiveCfg = Debug|Any CPU
		{3CC9A2C8-093D-421F-B7E5-EE629F72EB03}.Debug|x86.Build.0 = Debug|Any CPU
		{3CC9A2C8-093D-421F-B7E5-EE629F72EB03}.Release|Any CPU.ActiveCfg = Release|Any CPU
		{3CC9A2C8-093D-421F-B7E5-EE629F72EB03}.Release|Any CPU.Build.0 = Release|Any CPU
		{3CC9A2C8-093D-421F-B7E5-EE629F72EB03}.Release|x64.ActiveCfg = Release|Any CPU
		{3CC9A2C8-093D-421F-B7E5-EE629F72EB03}.Release|x64.Build.0 = Release|Any CPU
		{3CC9A2C8-093D-421F-B7E5-EE629F72EB03}.Release|x86.ActiveCfg = Release|Any CPU
		{3CC9A2C8-093D-421F-B7E5-EE629F72EB03}.Release|x86.Build.0 = Release|Any CPU
		{916916A9-555E-43D7-A6FF-F9A527B1A37D}.Debug|Any CPU.ActiveCfg = Debug|Any CPU
		{916916A9-555E-43D7-A6FF-F9A527B1A37D}.Debug|Any CPU.Build.0 = Debug|Any CPU
		{916916A9-555E-43D7-A6FF-F9A527B1A37D}.Debug|x64.ActiveCfg = Debug|Any CPU
		{916916A9-555E-43D7-A6FF-F9A527B1A37D}.Debug|x64.Build.0 = Debug|Any CPU
		{916916A9-555E-43D7-A6FF-F9A527B1A37D}.Debug|x86.ActiveCfg = Debug|Any CPU
		{916916A9-555E-43D7-A6FF-F9A527B1A37D}.Debug|x86.Build.0 = Debug|Any CPU
		{916916A9-555E-43D7-A6FF-F9A527B1A37D}.Release|Any CPU.ActiveCfg = Release|Any CPU
		{916916A9-555E-43D7-A6FF-F9A527B1A37D}.Release|Any CPU.Build.0 = Release|Any CPU
		{916916A9-555E-43D7-A6FF-F9A527B1A37D}.Release|x64.ActiveCfg = Release|Any CPU
		{916916A9-555E-43D7-A6FF-F9A527B1A37D}.Release|x64.Build.0 = Release|Any CPU
		{916916A9-555E-43D7-A6FF-F9A527B1A37D}.Release|x86.ActiveCfg = Release|Any CPU
		{916916A9-555E-43D7-A6FF-F9A527B1A37D}.Release|x86.Build.0 = Release|Any CPU
		{A1269B8E-BE38-4B18-9804-E21D00B7D93B}.Debug|Any CPU.ActiveCfg = Debug|Any CPU
		{A1269B8E-BE38-4B18-9804-E21D00B7D93B}.Debug|Any CPU.Build.0 = Debug|Any CPU
		{A1269B8E-BE38-4B18-9804-E21D00B7D93B}.Debug|x64.ActiveCfg = Debug|Any CPU
		{A1269B8E-BE38-4B18-9804-E21D00B7D93B}.Debug|x64.Build.0 = Debug|Any CPU
		{A1269B8E-BE38-4B18-9804-E21D00B7D93B}.Debug|x86.ActiveCfg = Debug|Any CPU
		{A1269B8E-BE38-4B18-9804-E21D00B7D93B}.Debug|x86.Build.0 = Debug|Any CPU
		{A1269B8E-BE38-4B18-9804-E21D00B7D93B}.Release|Any CPU.ActiveCfg = Release|Any CPU
		{A1269B8E-BE38-4B18-9804-E21D00B7D93B}.Release|Any CPU.Build.0 = Release|Any CPU
		{A1269B8E-BE38-4B18-9804-E21D00B7D93B}.Release|x64.ActiveCfg = Release|Any CPU
		{A1269B8E-BE38-4B18-9804-E21D00B7D93B}.Release|x64.Build.0 = Release|Any CPU
		{A1269B8E-BE38-4B18-9804-E21D00B7D93B}.Release|x86.ActiveCfg = Release|Any CPU
		{A1269B8E-BE38-4B18-9804-E21D00B7D93B}.Release|x86.Build.0 = Release|Any CPU
		{746763D1-9E73-482E-8526-FBF385C13A78}.Debug|Any CPU.ActiveCfg = Debug|Any CPU
		{746763D1-9E73-482E-8526-FBF385C13A78}.Debug|Any CPU.Build.0 = Debug|Any CPU
		{746763D1-9E73-482E-8526-FBF385C13A78}.Debug|x64.ActiveCfg = Debug|Any CPU
		{746763D1-9E73-482E-8526-FBF385C13A78}.Debug|x64.Build.0 = Debug|Any CPU
		{746763D1-9E73-482E-8526-FBF385C13A78}.Debug|x86.ActiveCfg = Debug|Any CPU
		{746763D1-9E73-482E-8526-FBF385C13A78}.Debug|x86.Build.0 = Debug|Any CPU
		{746763D1-9E73-482E-8526-FBF385C13A78}.Release|Any CPU.ActiveCfg = Release|Any CPU
		{746763D1-9E73-482E-8526-FBF385C13A78}.Release|Any CPU.Build.0 = Release|Any CPU
		{746763D1-9E73-482E-8526-FBF385C13A78}.Release|x64.ActiveCfg = Release|Any CPU
		{746763D1-9E73-482E-8526-FBF385C13A78}.Release|x64.Build.0 = Release|Any CPU
		{746763D1-9E73-482E-8526-FBF385C13A78}.Release|x86.ActiveCfg = Release|Any CPU
		{746763D1-9E73-482E-8526-FBF385C13A78}.Release|x86.Build.0 = Release|Any CPU
		{6D49818C-35B3-4F64-8A84-44CF6200DF40}.Debug|Any CPU.ActiveCfg = Debug|Any CPU
		{6D49818C-35B3-4F64-8A84-44CF6200DF40}.Debug|Any CPU.Build.0 = Debug|Any CPU
		{6D49818C-35B3-4F64-8A84-44CF6200DF40}.Debug|x64.ActiveCfg = Debug|Any CPU
		{6D49818C-35B3-4F64-8A84-44CF6200DF40}.Debug|x64.Build.0 = Debug|Any CPU
		{6D49818C-35B3-4F64-8A84-44CF6200DF40}.Debug|x86.ActiveCfg = Debug|Any CPU
		{6D49818C-35B3-4F64-8A84-44CF6200DF40}.Debug|x86.Build.0 = Debug|Any CPU
		{6D49818C-35B3-4F64-8A84-44CF6200DF40}.Release|Any CPU.ActiveCfg = Release|Any CPU
		{6D49818C-35B3-4F64-8A84-44CF6200DF40}.Release|Any CPU.Build.0 = Release|Any CPU
		{6D49818C-35B3-4F64-8A84-44CF6200DF40}.Release|x64.ActiveCfg = Release|Any CPU
		{6D49818C-35B3-4F64-8A84-44CF6200DF40}.Release|x64.Build.0 = Release|Any CPU
		{6D49818C-35B3-4F64-8A84-44CF6200DF40}.Release|x86.ActiveCfg = Release|Any CPU
		{6D49818C-35B3-4F64-8A84-44CF6200DF40}.Release|x86.Build.0 = Release|Any CPU
	EndGlobalSection
	GlobalSection(SolutionProperties) = preSolution
		HideSolutionNode = FALSE
	EndGlobalSection
	GlobalSection(NestedProjects) = preSolution
		{E08F14B4-786A-4F34-AB8E-870B3E3F189A} = {FBF56CC3-7AE6-AD2D-3F14-7F97FD322CD6}
		{3CC9A2C8-093D-421F-B7E5-EE629F72EB03} = {F98E6535-716A-4E8B-AE65-A657CB5D56A9}
		{916916A9-555E-43D7-A6FF-F9A527B1A37D} = {226567F5-DD15-7888-5BF1-C4407778305A}
		{A1269B8E-BE38-4B18-9804-E21D00B7D93B} = {3E173EDF-1E44-15B9-0243-407D583473A5}
		{746763D1-9E73-482E-8526-FBF385C13A78} = {0AB3BF05-4346-4AA6-1389-037BE0695223}
		{6D49818C-35B3-4F64-8A84-44CF6200DF40} = {0AB3BF05-4346-4AA6-1389-037BE0695223}
	EndGlobalSection
EndGlobal
